
Microsoft Visual Studio Solution File, Format Version 12.00
# Visual Studio 15
VisualStudioVersion = 15.0.27428.2037
MinimumVisualStudioVersion = 10.0.40219.1
Project("{FAE04EC0-301F-11D3-BF4B-00C04F79EFBC}") = "FormForInheritance", "FormForInheritance\FormForInheritance.csproj", "{6354A321-425B-4DD9-BBB4-25B3C2DABE2C}"
EndProject
Project("{FAE04EC0-301F-11D3-BF4B-00C04F79EFBC}") = "MainCalculateForm", "MainCalculateForm\MainCalculateForm.csproj", "{6ACCA553-DC1A-4659-B9A8-BC029E20E9A4}"
EndProject
Global
	GlobalSection(SolutionConfigurationPlatforms) = preSolution
		Debug|Any CPU = Debug|Any CPU
		Release|Any CPU = Release|Any CPU
	EndGlobalSection
	GlobalSection(ProjectConfigurationPlatforms) = postSolution
		{6354A321-425B-4DD9-BBB4-25B3C2DABE2C}.Debug|Any CPU.ActiveCfg = Debug|Any CPU
		{6354A321-425B-4DD9-BBB4-25B3C2DABE2C}.Debug|Any CPU.Build.0 = Debug|Any CPU
		{6354A321-425B-4DD9-BBB4-25B3C2DABE2C}.Release|Any CPU.ActiveCfg = Release|Any CPU
		{6354A321-425B-4DD9-BBB4-25B3C2DABE2C}.Release|Any CPU.Build.0 = Release|Any CPU
		{6ACCA553-DC1A-4659-B9A8-BC029E20E9A4}.Debug|Any CPU.ActiveCfg = Debug|Any CPU
		{6ACCA553-DC1A-4659-B9A8-BC029E20E9A4}.Debug|Any CPU.Build.0 = Debug|Any CPU
		{6ACCA553-DC1A-4659-B9A8-BC029E20E9A4}.Release|Any CPU.ActiveCfg = Release|Any CPU
		{6ACCA553-DC1A-4659-B9A8-BC029E20E9A4}.Release|Any CPU.Build.0 = Release|Any CPU
	EndGlobalSection
	GlobalSection(SolutionProperties) = preSolution
		HideSolutionNode = FALSE
	EndGlobalSection
	GlobalSection(ExtensibilityGlobals) = postSolution
		SolutionGuid = {A07B390C-399E-42BB-AE00-324BC9EDB40C}
	EndGlobalSection
EndGlobal
